
Microsoft Visual Studio Solution File, Format Version 12.00
# Visual Studio Version 17
VisualStudioVersion = 17.4.33205.214
MinimumVisualStudioVersion = 10.0.40219.1
Project("{888888A0-9F3D-457C-B088-3A5042F75D52}") = "Tarkvaraarendaja vastuvott", "Tarkvaraarendaja vastuvott\Tarkvaraarendaja vastuvott.pyproj", "{E226C73F-3750-44FE-ABC5-0191DF65D426}"
EndProject
Global
	GlobalSection(SolutionConfigurationPlatforms) = preSolution
		Debug|Any CPU = Debug|Any CPU
		Release|Any CPU = Release|Any CPU
	EndGlobalSection
	GlobalSection(ProjectConfigurationPlatforms) = postSolution
		{E226C73F-3750-44FE-ABC5-0191DF65D426}.Debug|Any CPU.ActiveCfg = Debug|Any CPU
		{E226C73F-3750-44FE-ABC5-0191DF65D426}.Release|Any CPU.ActiveCfg = Release|Any CPU
	EndGlobalSection
	GlobalSection(SolutionProperties) = preSolution
		HideSolutionNode = FALSE
	EndGlobalSection
	GlobalSection(ExtensibilityGlobals) = postSolution
		SolutionGuid = {5490E2E0-366E-4F72-876C-4581F3E5C5CE}
	EndGlobalSection
EndGlobal
